// !$*UTF8*$!
{
	archiveVersion = 1;
	classes = {
	};
	objectVersion = 56;
	objects = {

/* Begin PBXBuildFile section */
		18269EEC2A41A7C300AB92C8 /* AppDelegate.swift in Sources */ = {isa = PBXBuildFile; fileRef = 18269EEB2A41A7C300AB92C8 /* AppDelegate.swift */; };
		18269EEE2A41A7C300AB92C8 /* SceneDelegate.swift in Sources */ = {isa = PBXBuildFile; fileRef = 18269EED2A41A7C300AB92C8 /* SceneDelegate.swift */; };
		18269EF02A41A7C300AB92C8 /* HomeViewController.swift in Sources */ = {isa = PBXBuildFile; fileRef = 18269EEF2A41A7C300AB92C8 /* HomeViewController.swift */; };
		18269EF52A41A7C400AB92C8 /* Assets.xcassets in Resources */ = {isa = PBXBuildFile; fileRef = 18269EF42A41A7C400AB92C8 /* Assets.xcassets */; };
		18269EF82A41A7C400AB92C8 /* LaunchScreen.storyboard in Resources */ = {isa = PBXBuildFile; fileRef = 18269EF62A41A7C400AB92C8 /* LaunchScreen.storyboard */; };
		18269F082A41CF9200AB92C8 /* APIHandler.swift in Sources */ = {isa = PBXBuildFile; fileRef = 18269F072A41CF9200AB92C8 /* APIHandler.swift */; };
		18269F0B2A41D8C700AB92C8 /* Movie.swift in Sources */ = {isa = PBXBuildFile; fileRef = 18269F0A2A41D8C700AB92C8 /* Movie.swift */; };
		18269F112A41F40D00AB92C8 /* MovieTableViewCell.swift in Sources */ = {isa = PBXBuildFile; fileRef = 18269F102A41F40D00AB92C8 /* MovieTableViewCell.swift */; };
		18269F152A42A62E00AB92C8 /* UIImageViewExtension.swift in Sources */ = {isa = PBXBuildFile; fileRef = 18269F142A42A62E00AB92C8 /* UIImageViewExtension.swift */; };
		18269F172A42B3C800AB92C8 /* NavigationViewController.swift in Sources */ = {isa = PBXBuildFile; fileRef = 18269F162A42B3C800AB92C8 /* NavigationViewController.swift */; };
		18269F192A42BA7B00AB92C8 /* FavoritesViewController.swift in Sources */ = {isa = PBXBuildFile; fileRef = 18269F182A42BA7A00AB92C8 /* FavoritesViewController.swift */; };
		18269F1B2A42BD4700AB92C8 /* MovieDetailsViewController.swift in Sources */ = {isa = PBXBuildFile; fileRef = 18269F1A2A42BD4700AB92C8 /* MovieDetailsViewController.swift */; };
		18269F232A42F76500AB92C8 /* MovieListView.swift in Sources */ = {isa = PBXBuildFile; fileRef = 18269F222A42F76500AB92C8 /* MovieListView.swift */; };
		18269F2C2A4315DD00AB92C8 /* DataPersistenceManager.swift in Sources */ = {isa = PBXBuildFile; fileRef = 18269F2B2A4315DD00AB92C8 /* DataPersistenceManager.swift */; };
		18269F2E2A43167000AB92C8 /* SavableData.swift in Sources */ = {isa = PBXBuildFile; fileRef = 18269F2D2A43167000AB92C8 /* SavableData.swift */; };
		18269F302A433DEF00AB92C8 /* MovieDetailsView.swift in Sources */ = {isa = PBXBuildFile; fileRef = 18269F2F2A433DEF00AB92C8 /* MovieDetailsView.swift */; };
/* End PBXBuildFile section */

/* Begin PBXFileReference section */
		18269EE82A41A7C300AB92C8 /* kumuassessment.app */ = {isa = PBXFileReference; explicitFileType = wrapper.application; includeInIndex = 0; path = kumuassessment.app; sourceTree = BUILT_PRODUCTS_DIR; };
		18269EEB2A41A7C300AB92C8 /* AppDelegate.swift */ = {isa = PBXFileReference; lastKnownFileType = sourcecode.swift; path = AppDelegate.swift; sourceTree = "<group>"; };
		18269EED2A41A7C300AB92C8 /* SceneDelegate.swift */ = {isa = PBXFileReference; lastKnownFileType = sourcecode.swift; path = SceneDelegate.swift; sourceTree = "<group>"; };
		18269EEF2A41A7C300AB92C8 /* HomeViewController.swift */ = {isa = PBXFileReference; lastKnownFileType = sourcecode.swift; path = HomeViewController.swift; sourceTree = "<group>"; };
		18269EF42A41A7C400AB92C8 /* Assets.xcassets */ = {isa = PBXFileReference; lastKnownFileType = folder.assetcatalog; path = Assets.xcassets; sourceTree = "<group>"; };
		18269EF72A41A7C400AB92C8 /* Base */ = {isa = PBXFileReference; lastKnownFileType = file.storyboard; name = Base; path = Base.lproj/LaunchScreen.storyboard; sourceTree = "<group>"; };
		18269EF92A41A7C400AB92C8 /* Info.plist */ = {isa = PBXFileReference; lastKnownFileType = text.plist.xml; path = Info.plist; sourceTree = "<group>"; };
		18269F072A41CF9200AB92C8 /* APIHandler.swift */ = {isa = PBXFileReference; lastKnownFileType = sourcecode.swift; path = APIHandler.swift; sourceTree = "<group>"; };
		18269F0A2A41D8C700AB92C8 /* Movie.swift */ = {isa = PBXFileReference; lastKnownFileType = sourcecode.swift; path = Movie.swift; sourceTree = "<group>"; };
		18269F102A41F40D00AB92C8 /* MovieTableViewCell.swift */ = {isa = PBXFileReference; lastKnownFileType = sourcecode.swift; path = MovieTableViewCell.swift; sourceTree = "<group>"; };
		18269F142A42A62E00AB92C8 /* UIImageViewExtension.swift */ = {isa = PBXFileReference; lastKnownFileType = sourcecode.swift; path = UIImageViewExtension.swift; sourceTree = "<group>"; };
		18269F162A42B3C800AB92C8 /* NavigationViewController.swift */ = {isa = PBXFileReference; lastKnownFileType = sourcecode.swift; path = NavigationViewController.swift; sourceTree = "<group>"; };
		18269F182A42BA7A00AB92C8 /* FavoritesViewController.swift */ = {isa = PBXFileReference; lastKnownFileType = sourcecode.swift; path = FavoritesViewController.swift; sourceTree = "<group>"; };
		18269F1A2A42BD4700AB92C8 /* MovieDetailsViewController.swift */ = {isa = PBXFileReference; lastKnownFileType = sourcecode.swift; path = MovieDetailsViewController.swift; sourceTree = "<group>"; };
		18269F222A42F76500AB92C8 /* MovieListView.swift */ = {isa = PBXFileReference; lastKnownFileType = sourcecode.swift; path = MovieListView.swift; sourceTree = "<group>"; };
		18269F2B2A4315DD00AB92C8 /* DataPersistenceManager.swift */ = {isa = PBXFileReference; lastKnownFileType = sourcecode.swift; path = DataPersistenceManager.swift; sourceTree = "<group>"; };
		18269F2D2A43167000AB92C8 /* SavableData.swift */ = {isa = PBXFileReference; lastKnownFileType = sourcecode.swift; path = SavableData.swift; sourceTree = "<group>"; };
		18269F2F2A433DEF00AB92C8 /* MovieDetailsView.swift */ = {isa = PBXFileReference; lastKnownFileType = sourcecode.swift; path = MovieDetailsView.swift; sourceTree = "<group>"; };
/* End PBXFileReference section */

/* Begin PBXFrameworksBuildPhase section */
		18269EE52A41A7C300AB92C8 /* Frameworks */ = {
			isa = PBXFrameworksBuildPhase;
			buildActionMask = 2147483647;
			files = (
			);
			runOnlyForDeploymentPostprocessing = 0;
		};
/* End PBXFrameworksBuildPhase section */

/* Begin PBXGroup section */
		18269EDF2A41A7C300AB92C8 = {
			isa = PBXGroup;
			children = (
				18269EEA2A41A7C300AB92C8 /* kumuassessment */,
				18269EE92A41A7C300AB92C8 /* Products */,
			);
			sourceTree = "<group>";
		};
		18269EE92A41A7C300AB92C8 /* Products */ = {
			isa = PBXGroup;
			children = (
				18269EE82A41A7C300AB92C8 /* kumuassessment.app */,
			);
			name = Products;
			sourceTree = "<group>";
		};
		18269EEA2A41A7C300AB92C8 /* kumuassessment */ = {
			isa = PBXGroup;
			children = (
				18269F292A4315C300AB92C8 /* DataPersistence */,
				18269F132A42A61A00AB92C8 /* Extensions */,
				18269F122A4289A500AB92C8 /* Controllers */,
				18269F092A41D8B200AB92C8 /* Models */,
				18269F0D2A41F08700AB92C8 /* Views */,
				18269F062A41CF8400AB92C8 /* APIHandler */,
				18269EEB2A41A7C300AB92C8 /* AppDelegate.swift */,
				18269EED2A41A7C300AB92C8 /* SceneDelegate.swift */,
				18269EF42A41A7C400AB92C8 /* Assets.xcassets */,
				18269EF62A41A7C400AB92C8 /* LaunchScreen.storyboard */,
				18269EF92A41A7C400AB92C8 /* Info.plist */,
			);
			path = kumuassessment;
			sourceTree = "<group>";
		};
		18269F062A41CF8400AB92C8 /* APIHandler */ = {
			isa = PBXGroup;
			children = (
				18269F072A41CF9200AB92C8 /* APIHandler.swift */,
			);
			path = APIHandler;
			sourceTree = "<group>";
		};
		18269F092A41D8B200AB92C8 /* Models */ = {
			isa = PBXGroup;
			children = (
				18269F0A2A41D8C700AB92C8 /* Movie.swift */,
				18269F2D2A43167000AB92C8 /* SavableData.swift */,
			);
			path = Models;
			sourceTree = "<group>";
		};
		18269F0D2A41F08700AB92C8 /* Views */ = {
			isa = PBXGroup;
			children = (
				18269F102A41F40D00AB92C8 /* MovieTableViewCell.swift */,
				18269F222A42F76500AB92C8 /* MovieListView.swift */,
				18269F2F2A433DEF00AB92C8 /* MovieDetailsView.swift */,
			);
			path = Views;
			sourceTree = "<group>";
		};
		18269F122A4289A500AB92C8 /* Controllers */ = {
			isa = PBXGroup;
			children = (
				18269F162A42B3C800AB92C8 /* NavigationViewController.swift */,
				18269EEF2A41A7C300AB92C8 /* HomeViewController.swift */,
				18269F182A42BA7A00AB92C8 /* FavoritesViewController.swift */,
				18269F1A2A42BD4700AB92C8 /* MovieDetailsViewController.swift */,
			);
			path = Controllers;
			sourceTree = "<group>";
		};
		18269F132A42A61A00AB92C8 /* Extensions */ = {
			isa = PBXGroup;
			children = (
				18269F142A42A62E00AB92C8 /* UIImageViewExtension.swift */,
			);
			path = Extensions;
			sourceTree = "<group>";
		};
		18269F292A4315C300AB92C8 /* DataPersistence */ = {
			isa = PBXGroup;
			children = (
				18269F2B2A4315DD00AB92C8 /* DataPersistenceManager.swift */,
			);
			path = DataPersistence;
			sourceTree = "<group>";
		};
/* End PBXGroup section */

/* Begin PBXNativeTarget section */
		18269EE72A41A7C300AB92C8 /* kumuassessment */ = {
			isa = PBXNativeTarget;
			buildConfigurationList = 18269EFC2A41A7C400AB92C8 /* Build configuration list for PBXNativeTarget "kumuassessment" */;
			buildPhases = (
				18269EE42A41A7C300AB92C8 /* Sources */,
				18269EE52A41A7C300AB92C8 /* Frameworks */,
				18269EE62A41A7C300AB92C8 /* Resources */,
			);
			buildRules = (
			);
			dependencies = (
			);
			name = kumuassessment;
			productName = kumuassessment;
			productReference = 18269EE82A41A7C300AB92C8 /* kumuassessment.app */;
			productType = "com.apple.product-type.application";
		};
/* End PBXNativeTarget section */

/* Begin PBXProject section */
		18269EE02A41A7C300AB92C8 /* Project object */ = {
			isa = PBXProject;
			attributes = {
				BuildIndependentTargetsInParallel = 1;
				CLASSPREFIX = "";
				LastSwiftUpdateCheck = 1410;
				LastUpgradeCheck = 1410;
				TargetAttributes = {
					18269EE72A41A7C300AB92C8 = {
						CreatedOnToolsVersion = 14.1;
					};
				};
			};
			buildConfigurationList = 18269EE32A41A7C300AB92C8 /* Build configuration list for PBXProject "kumuassessment" */;
			compatibilityVersion = "Xcode 14.0";
			developmentRegion = en;
			hasScannedForEncodings = 0;
			knownRegions = (
				en,
				Base,
			);
			mainGroup = 18269EDF2A41A7C300AB92C8;
			productRefGroup = 18269EE92A41A7C300AB92C8 /* Products */;
			projectDirPath = "";
			projectRoot = "";
			targets = (
				18269EE72A41A7C300AB92C8 /* kumuassessment */,
			);
		};
/* End PBXProject section */

/* Begin PBXResourcesBuildPhase section */
		18269EE62A41A7C300AB92C8 /* Resources */ = {
			isa = PBXResourcesBuildPhase;
			buildActionMask = 2147483647;
			files = (
				18269EF82A41A7C400AB92C8 /* LaunchScreen.storyboard in Resources */,
				18269EF52A41A7C400AB92C8 /* Assets.xcassets in Resources */,
			);
			runOnlyForDeploymentPostprocessing = 0;
		};
/* End PBXResourcesBuildPhase section */

/* Begin PBXSourcesBuildPhase section */
		18269EE42A41A7C300AB92C8 /* Sources */ = {
			isa = PBXSourcesBuildPhase;
			buildActionMask = 2147483647;
			files = (
				18269F0B2A41D8C700AB92C8 /* Movie.swift in Sources */,
				18269EF02A41A7C300AB92C8 /* HomeViewController.swift in Sources */,
				18269F112A41F40D00AB92C8 /* MovieTableViewCell.swift in Sources */,
				18269F172A42B3C800AB92C8 /* NavigationViewController.swift in Sources */,
				18269F1B2A42BD4700AB92C8 /* MovieDetailsViewController.swift in Sources */,
				18269F232A42F76500AB92C8 /* MovieListView.swift in Sources */,
				18269EEC2A41A7C300AB92C8 /* AppDelegate.swift in Sources */,
				18269EEE2A41A7C300AB92C8 /* SceneDelegate.swift in Sources */,
				18269F302A433DEF00AB92C8 /* MovieDetailsView.swift in Sources */,
				18269F152A42A62E00AB92C8 /* UIImageViewExtension.swift in Sources */,
				18269F2C2A4315DD00AB92C8 /* DataPersistenceManager.swift in Sources */,
				18269F2E2A43167000AB92C8 /* SavableData.swift in Sources */,
				18269F192A42BA7B00AB92C8 /* FavoritesViewController.swift in Sources */,
				18269F082A41CF9200AB92C8 /* APIHandler.swift in Sources */,
			);
			runOnlyForDeploymentPostprocessing = 0;
		};
/* End PBXSourcesBuildPhase section */

/* Begin PBXVariantGroup section */
		18269EF62A41A7C400AB92C8 /* LaunchScreen.storyboard */ = {
			isa = PBXVariantGroup;
			children = (
				18269EF72A41A7C400AB92C8 /* Base */,
			);
			name = LaunchScreen.storyboard;
			sourceTree = "<group>";
		};
/* End PBXVariantGroup section */

/* Begin XCBuildConfiguration section */
		18269EFA2A41A7C400AB92C8 /* Debug */ = {
			isa = XCBuildConfiguration;
			buildSettings = {
				ALWAYS_SEARCH_USER_PATHS = NO;
				CLANG_ANALYZER_NONNULL = YES;
				CLANG_ANALYZER_NUMBER_OBJECT_CONVERSION = YES_AGGRESSIVE;
				CLANG_CXX_LANGUAGE_STANDARD = "gnu++20";
				CLANG_ENABLE_MODULES = YES;
				CLANG_ENABLE_OBJC_ARC = YES;
				CLANG_ENABLE_OBJC_WEAK = YES;
				CLANG_WARN_BLOCK_CAPTURE_AUTORELEASING = YES;
				CLANG_WARN_BOOL_CONVERSION = YES;
				CLANG_WARN_COMMA = YES;
				CLANG_WARN_CONSTANT_CONVERSION = YES;
				CLANG_WARN_DEPRECATED_OBJC_IMPLEMENTATIONS = YES;
				CLANG_WARN_DIRECT_OBJC_ISA_USAGE = YES_ERROR;
				CLANG_WARN_DOCUMENTATION_COMMENTS = YES;
				CLANG_WARN_EMPTY_BODY = YES;
				CLANG_WARN_ENUM_CONVERSION = YES;
				CLANG_WARN_INFINITE_RECURSION = YES;
				CLANG_WARN_INT_CONVERSION = YES;
				CLANG_WARN_NON_LITERAL_NULL_CONVERSION = YES;
				CLANG_WARN_OBJC_IMPLICIT_RETAIN_SELF = YES;
				CLANG_WARN_OBJC_LITERAL_CONVERSION = YES;
				CLANG_WARN_OBJC_ROOT_CLASS = YES_ERROR;
				CLANG_WARN_QUOTED_INCLUDE_IN_FRAMEWORK_HEADER = YES;
				CLANG_WARN_RANGE_LOOP_ANALYSIS = YES;
				CLANG_WARN_STRICT_PROTOTYPES = YES;
				CLANG_WARN_SUSPICIOUS_MOVE = YES;
				CLANG_WARN_UNGUARDED_AVAILABILITY = YES_AGGRESSIVE;
				CLANG_WARN_UNREACHABLE_CODE = YES;
				CLANG_WARN__DUPLICATE_METHOD_MATCH = YES;
				COPY_PHASE_STRIP = NO;
				DEBUG_INFORMATION_FORMAT = dwarf;
				ENABLE_STRICT_OBJC_MSGSEND = YES;
				ENABLE_TESTABILITY = YES;
				GCC_C_LANGUAGE_STANDARD = gnu11;
				GCC_DYNAMIC_NO_PIC = NO;
				GCC_NO_COMMON_BLOCKS = YES;
				GCC_OPTIMIZATION_LEVEL = 0;
				GCC_PREPROCESSOR_DEFINITIONS = (
					"DEBUG=1",
					"$(inherited)",
				);
				GCC_WARN_64_TO_32_BIT_CONVERSION = YES;
				GCC_WARN_ABOUT_RETURN_TYPE = YES_ERROR;
				GCC_WARN_UNDECLARED_SELECTOR = YES;
				GCC_WARN_UNINITIALIZED_AUTOS = YES_AGGRESSIVE;
				GCC_WARN_UNUSED_FUNCTION = YES;
				GCC_WARN_UNUSED_VARIABLE = YES;
				IPHONEOS_DEPLOYMENT_TARGET = 16.1;
				MTL_ENABLE_DEBUG_INFO = INCLUDE_SOURCE;
				MTL_FAST_MATH = YES;
				ONLY_ACTIVE_ARCH = YES;
				SDKROOT = iphoneos;
				SWIFT_ACTIVE_COMPILATION_CONDITIONS = DEBUG;
				SWIFT_OPTIMIZATION_LEVEL = "-Onone";
			};
			name = Debug;
		};
		18269EFB2A41A7C400AB92C8 /* Release */ = {
			isa = XCBuildConfiguration;
			buildSettings = {
				ALWAYS_SEARCH_USER_PATHS = NO;
				CLANG_ANALYZER_NONNULL = YES;
				CLANG_ANALYZER_NUMBER_OBJECT_CONVERSION = YES_AGGRESSIVE;
				CLANG_CXX_LANGUAGE_STANDARD = "gnu++20";
				CLANG_ENABLE_MODULES = YES;
				CLANG_ENABLE_OBJC_ARC = YES;
				CLANG_ENABLE_OBJC_WEAK = YES;
				CLANG_WARN_BLOCK_CAPTURE_AUTORELEASING = YES;
				CLANG_WARN_BOOL_CONVERSION = YES;
				CLANG_WARN_COMMA = YES;
				CLANG_WARN_CONSTANT_CONVERSION = YES;
				CLANG_WARN_DEPRECATED_OBJC_IMPLEMENTATIONS = YES;
				CLANG_WARN_DIRECT_OBJC_ISA_USAGE = YES_ERROR;
				CLANG_WARN_DOCUMENTATION_COMMENTS = YES;
				CLANG_WARN_EMPTY_BODY = YES;
				CLANG_WARN_ENUM_CONVERSION = YES;
				CLANG_WARN_INFINITE_RECURSION = YES;
				CLANG_WARN_INT_CONVERSION = YES;
				CLANG_WARN_NON_LITERAL_NULL_CONVERSION = YES;
				CLANG_WARN_OBJC_IMPLICIT_RETAIN_SELF = YES;
				CLANG_WARN_OBJC_LITERAL_CONVERSION = YES;
				CLANG_WARN_OBJC_ROOT_CLASS = YES_ERROR;
				CLANG_WARN_QUOTED_INCLUDE_IN_FRAMEWORK_HEADER = YES;
				CLANG_WARN_RANGE_LOOP_ANALYSIS = YES;
				CLANG_WARN_STRICT_PROTOTYPES = YES;
				CLANG_WARN_SUSPICIOUS_MOVE = YES;
				CLANG_WARN_UNGUARDED_AVAILABILITY = YES_AGGRESSIVE;
				CLANG_WARN_UNREACHABLE_CODE = YES;
				CLANG_WARN__DUPLICATE_METHOD_MATCH = YES;
				COPY_PHASE_STRIP = NO;
				DEBUG_INFORMATION_FORMAT = "dwarf-with-dsym";
				ENABLE_NS_ASSERTIONS = NO;
				ENABLE_STRICT_OBJC_MSGSEND = YES;
				GCC_C_LANGUAGE_STANDARD = gnu11;
				GCC_NO_COMMON_BLOCKS = YES;
				GCC_WARN_64_TO_32_BIT_CONVERSION = YES;
				GCC_WARN_ABOUT_RETURN_TYPE = YES_ERROR;
				GCC_WARN_UNDECLARED_SELECTOR = YES;
				GCC_WARN_UNINITIALIZED_AUTOS = YES_AGGRESSIVE;
				GCC_WARN_UNUSED_FUNCTION = YES;
				GCC_WARN_UNUSED_VARIABLE = YES;
				IPHONEOS_DEPLOYMENT_TARGET = 16.1;
				MTL_ENABLE_DEBUG_INFO = NO;
				MTL_FAST_MATH = YES;
				SDKROOT = iphoneos;
				SWIFT_COMPILATION_MODE = wholemodule;
				SWIFT_OPTIMIZATION_LEVEL = "-O";
				VALIDATE_PRODUCT = YES;
			};
			name = Release;
		};
		18269EFD2A41A7C400AB92C8 /* Debug */ = {
			isa = XCBuildConfiguration;
			buildSettings = {
				ASSETCATALOG_COMPILER_APPICON_NAME = AppIcon;
				ASSETCATALOG_COMPILER_GLOBAL_ACCENT_COLOR_NAME = AccentColor;
				CODE_SIGN_STYLE = Automatic;
				CURRENT_PROJECT_VERSION = 1;
				DEVELOPMENT_TEAM = ZV49MWJ8P5;
				GENERATE_INFOPLIST_FILE = YES;
				INFOPLIST_FILE = kumuassessment/Info.plist;
				INFOPLIST_KEY_UIApplicationSupportsIndirectInputEvents = YES;
				INFOPLIST_KEY_UILaunchStoryboardName = LaunchScreen;
				INFOPLIST_KEY_UISupportedInterfaceOrientations_iPad = "UIInterfaceOrientationPortrait UIInterfaceOrientationPortraitUpsideDown UIInterfaceOrientationLandscapeLeft UIInterfaceOrientationLandscapeRight";
				INFOPLIST_KEY_UISupportedInterfaceOrientations_iPhone = "UIInterfaceOrientationPortrait UIInterfaceOrientationLandscapeLeft UIInterfaceOrientationLandscapeRight";
				LD_RUNPATH_SEARCH_PATHS = (
					"$(inherited)",
					"@executable_path/Frameworks",
				);
				MARKETING_VERSION = 1.0;
				PRODUCT_BUNDLE_IDENTIFIER = com.lianconcepcion.kumuassessment;
				PRODUCT_NAME = "$(TARGET_NAME)";
				SWIFT_EMIT_LOC_STRINGS = YES;
				SWIFT_VERSION = 5.0;
				TARGETED_DEVICE_FAMILY = "1,2";
			};
			name = Debug;
		};
		18269EFE2A41A7C400AB92C8 /* Release */ = {
			isa = XCBuildConfiguration;
			buildSettings = {
				ASSETCATALOG_COMPILER_APPICON_NAME = AppIcon;
				ASSETCATALOG_COMPILER_GLOBAL_ACCENT_COLOR_NAME = AccentColor;
				CODE_SIGN_STYLE = Automatic;
				CURRENT_PROJECT_VERSION = 1;
				DEVELOPMENT_TEAM = ZV49MWJ8P5;
				GENERATE_INFOPLIST_FILE = YES;
				INFOPLIST_FILE = kumuassessment/Info.plist;
				INFOPLIST_KEY_UIApplicationSupportsIndirectInputEvents = YES;
				INFOPLIST_KEY_UILaunchStoryboardName = LaunchScreen;
				INFOPLIST_KEY_UISupportedInterfaceOrientations_iPad = "UIInterfaceOrientationPortrait UIInterfaceOrientationPortraitUpsideDown UIInterfaceOrientationLandscapeLeft UIInterfaceOrientationLandscapeRight";
				INFOPLIST_KEY_UISupportedInterfaceOrientations_iPhone = "UIInterfaceOrientationPortrait UIInterfaceOrientationLandscapeLeft UIInterfaceOrientationLandscapeRight";
				LD_RUNPATH_SEARCH_PATHS = (
					"$(inherited)",
					"@executable_path/Frameworks",
				);
				MARKETING_VERSION = 1.0;
				PRODUCT_BUNDLE_IDENTIFIER = com.lianconcepcion.kumuassessment;
				PRODUCT_NAME = "$(TARGET_NAME)";
				SWIFT_EMIT_LOC_STRINGS = YES;
				SWIFT_VERSION = 5.0;
				TARGETED_DEVICE_FAMILY = "1,2";
			};
			name = Release;
		};
/* End XCBuildConfiguration section */

/* Begin XCConfigurationList section */
		18269EE32A41A7C300AB92C8 /* Build configuration list for PBXProject "kumuassessment" */ = {
			isa = XCConfigurationList;
			buildConfigurations = (
				18269EFA2A41A7C400AB92C8 /* Debug */,
				18269EFB2A41A7C400AB92C8 /* Release */,
			);
			defaultConfigurationIsVisible = 0;
			defaultConfigurationName = Release;
		};
		18269EFC2A41A7C400AB92C8 /* Build configuration list for PBXNativeTarget "kumuassessment" */ = {
			isa = XCConfigurationList;
			buildConfigurations = (
				18269EFD2A41A7C400AB92C8 /* Debug */,
				18269EFE2A41A7C400AB92C8 /* Release */,
			);
			defaultConfigurationIsVisible = 0;
			defaultConfigurationName = Release;
		};
/* End XCConfigurationList section */
	};
	rootObject = 18269EE02A41A7C300AB92C8 /* Project object */;
}
